
Microsoft Visual Studio Solution File, Format Version 12.00
# Visual Studio Version 16
VisualStudioVersion = 16.0.29519.181
MinimumVisualStudioVersion = 10.0.40219.1
Project("{FAE04EC0-301F-11D3-BF4B-00C04F79EFBC}") = "AOD", "AOD.csproj", "{EC312DC4-EA31-483A-A729-1038CD85CA8B}"
EndProject
Global
	GlobalSection(SolutionConfigurationPlatforms) = preSolution
		Debug|Any CPU = Debug|Any CPU
		Release|Any CPU = Release|Any CPU
	EndGlobalSection
	GlobalSection(ProjectConfigurationPlatforms) = postSolution
		{EC312DC4-EA31-483A-A729-1038CD85CA8B}.Debug|Any CPU.ActiveCfg = Debug|Any CPU
		{EC312DC4-EA31-483A-A729-1038CD85CA8B}.Debug|Any CPU.Build.0 = Debug|Any CPU
		{EC312DC4-EA31-483A-A729-1038CD85CA8B}.Release|Any CPU.ActiveCfg = Release|Any CPU
		{EC312DC4-EA31-483A-A729-1038CD85CA8B}.Release|Any CPU.Build.0 = Release|Any CPU
	EndGlobalSection
	GlobalSection(SolutionProperties) = preSolution
		HideSolutionNode = FALSE
	EndGlobalSection
	GlobalSection(ExtensibilityGlobals) = postSolution
		SolutionGuid = {3F51F373-6253-45AD-8223-E1F8F3042731}
	EndGlobalSection
EndGlobal
